// !$*UTF8*$!
{
	archiveVersion = 1;
	classes = {
	};
	objectVersion = 46;
	objects = {

/* Begin PBXBuildFile section */
		8F57ED991AE330E2001896BA /* DetailVC.m in Sources */ = {isa = PBXBuildFile; fileRef = 8F57ED971AE330E2001896BA /* DetailVC.m */; };
		8F57ED9A1AE330E2001896BA /* DetailVC.xib in Resources */ = {isa = PBXBuildFile; fileRef = 8F57ED981AE330E2001896BA /* DetailVC.xib */; };
		8F6F88D21AE0E76C00E5DE69 /* HelloPage_ThreeDot_Icon.png in Resources */ = {isa = PBXBuildFile; fileRef = 8F6F88D11AE0E76C00E5DE69 /* HelloPage_ThreeDot_Icon.png */; };
		8F6F89101AE0FF5000E5DE69 /* SideBarView.m in Sources */ = {isa = PBXBuildFile; fileRef = 8F6F890E1AE0FF5000E5DE69 /* SideBarView.m */; };
		8F6F89111AE0FF5000E5DE69 /* SideBarView.xib in Resources */ = {isa = PBXBuildFile; fileRef = 8F6F890F1AE0FF5000E5DE69 /* SideBarView.xib */; };
		8F6F89131AE1026B00E5DE69 /* ViewController.xib in Resources */ = {isa = PBXBuildFile; fileRef = 8F6F89121AE1026B00E5DE69 /* ViewController.xib */; };
		8F8A363A1AE0A3D8000D896E /* main.m in Sources */ = {isa = PBXBuildFile; fileRef = 8F8A36391AE0A3D8000D896E /* main.m */; };
		8F8A363D1AE0A3D8000D896E /* AppDelegate.m in Sources */ = {isa = PBXBuildFile; fileRef = 8F8A363C1AE0A3D8000D896E /* AppDelegate.m */; };
		8F8A36401AE0A3D8000D896E /* VNN.xcdatamodeld in Sources */ = {isa = PBXBuildFile; fileRef = 8F8A363E1AE0A3D8000D896E /* VNN.xcdatamodeld */; };
		8F8A36431AE0A3D8000D896E /* ViewController.m in Sources */ = {isa = PBXBuildFile; fileRef = 8F8A36421AE0A3D8000D896E /* ViewController.m */; };
		8F8A36481AE0A3D8000D896E /* Images.xcassets in Resources */ = {isa = PBXBuildFile; fileRef = 8F8A36471AE0A3D8000D896E /* Images.xcassets */; };
		8F8A364B1AE0A3D8000D896E /* LaunchScreen.xib in Resources */ = {isa = PBXBuildFile; fileRef = 8F8A36491AE0A3D8000D896E /* LaunchScreen.xib */; };
		8F8A36571AE0A3D8000D896E /* VNNTests.m in Sources */ = {isa = PBXBuildFile; fileRef = 8F8A36561AE0A3D8000D896E /* VNNTests.m */; };
		8F8A36651AE0A450000D896E /* AccessNew.m in Sources */ = {isa = PBXBuildFile; fileRef = 8F8A36641AE0A450000D896E /* AccessNew.m */; };
		8F8A36681AE0B11E000D896E /* Item.m in Sources */ = {isa = PBXBuildFile; fileRef = 8F8A36671AE0B11E000D896E /* Item.m */; };
		8F8A366C1AE0BBCA000D896E /* CellItem.m in Sources */ = {isa = PBXBuildFile; fileRef = 8F8A366A1AE0BBCA000D896E /* CellItem.m */; };
		8F8A366D1AE0BBCA000D896E /* CellItem.xib in Resources */ = {isa = PBXBuildFile; fileRef = 8F8A366B1AE0BBCA000D896E /* CellItem.xib */; };
		8F8A366F1AE0BCD5000D896E /* ImagePlaceholder.png in Resources */ = {isa = PBXBuildFile; fileRef = 8F8A366E1AE0BCD5000D896E /* ImagePlaceholder.png */; };
		8FC555FD1AE3806E00D26CEF /* vnn.png in Resources */ = {isa = PBXBuildFile; fileRef = 8FC555FC1AE3806E00D26CEF /* vnn.png */; };
		8FFFBA651AE3893200EECF89 /* icon.png in Resources */ = {isa = PBXBuildFile; fileRef = 8FFFBA641AE3893200EECF89 /* icon.png */; };
/* End PBXBuildFile section */

/* Begin PBXContainerItemProxy section */
		8F8A36511AE0A3D8000D896E /* PBXContainerItemProxy */ = {
			isa = PBXContainerItemProxy;
			containerPortal = 8F8A362C1AE0A3D8000D896E /* Project object */;
			proxyType = 1;
			remoteGlobalIDString = 8F8A36331AE0A3D8000D896E;
			remoteInfo = VNN;
		};
/* End PBXContainerItemProxy section */

/* Begin PBXFileReference section */
		8F57ED961AE330E2001896BA /* DetailVC.h */ = {isa = PBXFileReference; fileEncoding = 4; lastKnownFileType = sourcecode.c.h; path = DetailVC.h; sourceTree = "<group>"; };
		8F57ED971AE330E2001896BA /* DetailVC.m */ = {isa = PBXFileReference; fileEncoding = 4; lastKnownFileType = sourcecode.c.objc; path = DetailVC.m; sourceTree = "<group>"; };
		8F57ED981AE330E2001896BA /* DetailVC.xib */ = {isa = PBXFileReference; fileEncoding = 4; lastKnownFileType = file.xib; path = DetailVC.xib; sourceTree = "<group>"; };
		8F6F88D11AE0E76C00E5DE69 /* HelloPage_ThreeDot_Icon.png */ = {isa = PBXFileReference; lastKnownFileType = image.png; path = HelloPage_ThreeDot_Icon.png; sourceTree = "<group>"; };
		8F6F890D1AE0FF5000E5DE69 /* SideBarView.h */ = {isa = PBXFileReference; fileEncoding = 4; lastKnownFileType = sourcecode.c.h; path = SideBarView.h; sourceTree = "<group>"; };
		8F6F890E1AE0FF5000E5DE69 /* SideBarView.m */ = {isa = PBXFileReference; fileEncoding = 4; lastKnownFileType = sourcecode.c.objc; path = SideBarView.m; sourceTree = "<group>"; };
		8F6F890F1AE0FF5000E5DE69 /* SideBarView.xib */ = {isa = PBXFileReference; fileEncoding = 4; lastKnownFileType = file.xib; path = SideBarView.xib; sourceTree = "<group>"; };
		8F6F89121AE1026B00E5DE69 /* ViewController.xib */ = {isa = PBXFileReference; fileEncoding = 4; lastKnownFileType = file.xib; path = ViewController.xib; sourceTree = "<group>"; };
		8F8A36341AE0A3D8000D896E /* VNN.app */ = {isa = PBXFileReference; explicitFileType = wrapper.application; includeInIndex = 0; path = VNN.app; sourceTree = BUILT_PRODUCTS_DIR; };
		8F8A36381AE0A3D8000D896E /* Info.plist */ = {isa = PBXFileReference; lastKnownFileType = text.plist.xml; path = Info.plist; sourceTree = "<group>"; };
		8F8A36391AE0A3D8000D896E /* main.m */ = {isa = PBXFileReference; lastKnownFileType = sourcecode.c.objc; path = main.m; sourceTree = "<group>"; };
		8F8A363B1AE0A3D8000D896E /* AppDelegate.h */ = {isa = PBXFileReference; lastKnownFileType = sourcecode.c.h; path = AppDelegate.h; sourceTree = "<group>"; };
		8F8A363C1AE0A3D8000D896E /* AppDelegate.m */ = {isa = PBXFileReference; lastKnownFileType = sourcecode.c.objc; path = AppDelegate.m; sourceTree = "<group>"; };
		8F8A363F1AE0A3D8000D896E /* VNN.xcdatamodel */ = {isa = PBXFileReference; lastKnownFileType = wrapper.xcdatamodel; path = VNN.xcdatamodel; sourceTree = "<group>"; };
		8F8A36411AE0A3D8000D896E /* ViewController.h */ = {isa = PBXFileReference; lastKnownFileType = sourcecode.c.h; path = ViewController.h; sourceTree = "<group>"; };
		8F8A36421AE0A3D8000D896E /* ViewController.m */ = {isa = PBXFileReference; lastKnownFileType = sourcecode.c.objc; path = ViewController.m; sourceTree = "<group>"; };
		8F8A36471AE0A3D8000D896E /* Images.xcassets */ = {isa = PBXFileReference; lastKnownFileType = folder.assetcatalog; path = Images.xcassets; sourceTree = "<group>"; };
		8F8A364A1AE0A3D8000D896E /* Base */ = {isa = PBXFileReference; lastKnownFileType = file.xib; name = Base; path = Base.lproj/LaunchScreen.xib; sourceTree = "<group>"; };
		8F8A36501AE0A3D8000D896E /* VNNTests.xctest */ = {isa = PBXFileReference; explicitFileType = wrapper.cfbundle; includeInIndex = 0; path = VNNTests.xctest; sourceTree = BUILT_PRODUCTS_DIR; };
		8F8A36551AE0A3D8000D896E /* Info.plist */ = {isa = PBXFileReference; lastKnownFileType = text.plist.xml; path = Info.plist; sourceTree = "<group>"; };
		8F8A36561AE0A3D8000D896E /* VNNTests.m */ = {isa = PBXFileReference; lastKnownFileType = sourcecode.c.objc; path = VNNTests.m; sourceTree = "<group>"; };
		8F8A36631AE0A450000D896E /* AccessNew.h */ = {isa = PBXFileReference; fileEncoding = 4; lastKnownFileType = sourcecode.c.h; path = AccessNew.h; sourceTree = "<group>"; };
		8F8A36641AE0A450000D896E /* AccessNew.m */ = {isa = PBXFileReference; fileEncoding = 4; lastKnownFileType = sourcecode.c.objc; path = AccessNew.m; sourceTree = "<group>"; };
		8F8A36661AE0B11E000D896E /* Item.h */ = {isa = PBXFileReference; fileEncoding = 4; lastKnownFileType = sourcecode.c.h; path = Item.h; sourceTree = "<group>"; };
		8F8A36671AE0B11E000D896E /* Item.m */ = {isa = PBXFileReference; fileEncoding = 4; lastKnownFileType = sourcecode.c.objc; path = Item.m; sourceTree = "<group>"; };
		8F8A36691AE0BBCA000D896E /* CellItem.h */ = {isa = PBXFileReference; fileEncoding = 4; lastKnownFileType = sourcecode.c.h; path = CellItem.h; sourceTree = "<group>"; };
		8F8A366A1AE0BBCA000D896E /* CellItem.m */ = {isa = PBXFileReference; fileEncoding = 4; lastKnownFileType = sourcecode.c.objc; path = CellItem.m; sourceTree = "<group>"; };
		8F8A366B1AE0BBCA000D896E /* CellItem.xib */ = {isa = PBXFileReference; fileEncoding = 4; lastKnownFileType = file.xib; path = CellItem.xib; sourceTree = "<group>"; };
		8F8A366E1AE0BCD5000D896E /* ImagePlaceholder.png */ = {isa = PBXFileReference; lastKnownFileType = image.png; path = ImagePlaceholder.png; sourceTree = "<group>"; };
		8FC555FC1AE3806E00D26CEF /* vnn.png */ = {isa = PBXFileReference; lastKnownFileType = image.png; path = vnn.png; sourceTree = "<group>"; };
		8FFFBA641AE3893200EECF89 /* icon.png */ = {isa = PBXFileReference; lastKnownFileType = image.png; path = icon.png; sourceTree = "<group>"; };
/* End PBXFileReference section */

/* Begin PBXFrameworksBuildPhase section */
		8F8A36311AE0A3D8000D896E /* Frameworks */ = {
			isa = PBXFrameworksBuildPhase;
			buildActionMask = 2147483647;
			files = (
			);
			runOnlyForDeploymentPostprocessing = 0;
		};
		8F8A364D1AE0A3D8000D896E /* Frameworks */ = {
			isa = PBXFrameworksBuildPhase;
			buildActionMask = 2147483647;
			files = (
			);
			runOnlyForDeploymentPostprocessing = 0;
		};
/* End PBXFrameworksBuildPhase section */

/* Begin PBXGroup section */
		8F57ED951AE330CA001896BA /* Detail */ = {
			isa = PBXGroup;
			children = (
				8F57ED961AE330E2001896BA /* DetailVC.h */,
				8F57ED971AE330E2001896BA /* DetailVC.m */,
				8F57ED981AE330E2001896BA /* DetailVC.xib */,
			);
			name = Detail;
			sourceTree = "<group>";
		};
		8F6F89041AE0F60600E5DE69 /* SideBar */ = {
			isa = PBXGroup;
			children = (
				8F6F890D1AE0FF5000E5DE69 /* SideBarView.h */,
				8F6F890E1AE0FF5000E5DE69 /* SideBarView.m */,
				8F6F890F1AE0FF5000E5DE69 /* SideBarView.xib */,
			);
			name = SideBar;
			sourceTree = "<group>";
		};
		8F8A362B1AE0A3D8000D896E = {
			isa = PBXGroup;
			children = (
				8F8A36361AE0A3D8000D896E /* VNN */,
				8F8A36531AE0A3D8000D896E /* VNNTests */,
				8F8A36351AE0A3D8000D896E /* Products */,
			);
			sourceTree = "<group>";
		};
		8F8A36351AE0A3D8000D896E /* Products */ = {
			isa = PBXGroup;
			children = (
				8F8A36341AE0A3D8000D896E /* VNN.app */,
				8F8A36501AE0A3D8000D896E /* VNNTests.xctest */,
			);
			name = Products;
			sourceTree = "<group>";
		};
		8F8A36361AE0A3D8000D896E /* VNN */ = {
			isa = PBXGroup;
			children = (
				8F57ED951AE330CA001896BA /* Detail */,
				8F6F89041AE0F60600E5DE69 /* SideBar */,
				8F8A363B1AE0A3D8000D896E /* AppDelegate.h */,
				8F8A363C1AE0A3D8000D896E /* AppDelegate.m */,
				8F8A36411AE0A3D8000D896E /* ViewController.h */,
				8F8A36421AE0A3D8000D896E /* ViewController.m */,
				8F6F89121AE1026B00E5DE69 /* ViewController.xib */,
				8F8A36471AE0A3D8000D896E /* Images.xcassets */,
				8F8A36491AE0A3D8000D896E /* LaunchScreen.xib */,
				8F8A363E1AE0A3D8000D896E /* VNN.xcdatamodeld */,
				8F8A36371AE0A3D8000D896E /* Supporting Files */,
				8F8A36631AE0A450000D896E /* AccessNew.h */,
				8F8A36641AE0A450000D896E /* AccessNew.m */,
				8F8A36661AE0B11E000D896E /* Item.h */,
				8F8A36671AE0B11E000D896E /* Item.m */,
				8F8A36691AE0BBCA000D896E /* CellItem.h */,
				8F8A366A1AE0BBCA000D896E /* CellItem.m */,
				8F8A366B1AE0BBCA000D896E /* CellItem.xib */,
			);
			path = VNN;
			sourceTree = "<group>";
		};
		8F8A36371AE0A3D8000D896E /* Supporting Files */ = {
			isa = PBXGroup;
			children = (
				8FFFBA641AE3893200EECF89 /* icon.png */,
				8FC555FC1AE3806E00D26CEF /* vnn.png */,
				8F6F88D11AE0E76C00E5DE69 /* HelloPage_ThreeDot_Icon.png */,
				8F8A366E1AE0BCD5000D896E /* ImagePlaceholder.png */,
				8F8A36381AE0A3D8000D896E /* Info.plist */,
				8F8A36391AE0A3D8000D896E /* main.m */,
			);
			name = "Supporting Files";
			sourceTree = "<group>";
		};
		8F8A36531AE0A3D8000D896E /* VNNTests */ = {
			isa = PBXGroup;
			children = (
				8F8A36561AE0A3D8000D896E /* VNNTests.m */,
				8F8A36541AE0A3D8000D896E /* Supporting Files */,
			);
			path = VNNTests;
			sourceTree = "<group>";
		};
		8F8A36541AE0A3D8000D896E /* Supporting Files */ = {
			isa = PBXGroup;
			children = (
				8F8A36551AE0A3D8000D896E /* Info.plist */,
			);
			name = "Supporting Files";
			sourceTree = "<group>";
		};
/* End PBXGroup section */

/* Begin PBXNativeTarget section */
		8F8A36331AE0A3D8000D896E /* VNN */ = {
			isa = PBXNativeTarget;
			buildConfigurationList = 8F8A365A1AE0A3D8000D896E /* Build configuration list for PBXNativeTarget "VNN" */;
			buildPhases = (
				8F8A36301AE0A3D8000D896E /* Sources */,
				8F8A36311AE0A3D8000D896E /* Frameworks */,
				8F8A36321AE0A3D8000D896E /* Resources */,
			);
			buildRules = (
			);
			dependencies = (
			);
			name = VNN;
			productName = VNN;
			productReference = 8F8A36341AE0A3D8000D896E /* VNN.app */;
			productType = "com.apple.product-type.application";
		};
		8F8A364F1AE0A3D8000D896E /* VNNTests */ = {
			isa = PBXNativeTarget;
			buildConfigurationList = 8F8A365D1AE0A3D8000D896E /* Build configuration list for PBXNativeTarget "VNNTests" */;
			buildPhases = (
				8F8A364C1AE0A3D8000D896E /* Sources */,
				8F8A364D1AE0A3D8000D896E /* Frameworks */,
				8F8A364E1AE0A3D8000D896E /* Resources */,
			);
			buildRules = (
			);
			dependencies = (
				8F8A36521AE0A3D8000D896E /* PBXTargetDependency */,
			);
			name = VNNTests;
			productName = VNNTests;
			productReference = 8F8A36501AE0A3D8000D896E /* VNNTests.xctest */;
			productType = "com.apple.product-type.bundle.unit-test";
		};
/* End PBXNativeTarget section */

/* Begin PBXProject section */
		8F8A362C1AE0A3D8000D896E /* Project object */ = {
			isa = PBXProject;
			attributes = {
				LastUpgradeCheck = 0630;
				ORGANIZATIONNAME = "i-Keyword";
				TargetAttributes = {
					8F8A36331AE0A3D8000D896E = {
						CreatedOnToolsVersion = 6.3;
					};
					8F8A364F1AE0A3D8000D896E = {
						CreatedOnToolsVersion = 6.3;
						TestTargetID = 8F8A36331AE0A3D8000D896E;
					};
				};
			};
			buildConfigurationList = 8F8A362F1AE0A3D8000D896E /* Build configuration list for PBXProject "VNN" */;
			compatibilityVersion = "Xcode 3.2";
			developmentRegion = English;
			hasScannedForEncodings = 0;
			knownRegions = (
				en,
				Base,
			);
			mainGroup = 8F8A362B1AE0A3D8000D896E;
			productRefGroup = 8F8A36351AE0A3D8000D896E /* Products */;
			projectDirPath = "";
			projectRoot = "";
			targets = (
				8F8A36331AE0A3D8000D896E /* VNN */,
				8F8A364F1AE0A3D8000D896E /* VNNTests */,
			);
		};
/* End PBXProject section */

/* Begin PBXResourcesBuildPhase section */
		8F8A36321AE0A3D8000D896E /* Resources */ = {
			isa = PBXResourcesBuildPhase;
			buildActionMask = 2147483647;
			files = (
				8FC555FD1AE3806E00D26CEF /* vnn.png in Resources */,
				8F8A366D1AE0BBCA000D896E /* CellItem.xib in Resources */,
				8F57ED9A1AE330E2001896BA /* DetailVC.xib in Resources */,
				8F6F89131AE1026B00E5DE69 /* ViewController.xib in Resources */,
				8F8A364B1AE0A3D8000D896E /* LaunchScreen.xib in Resources */,
				8F8A366F1AE0BCD5000D896E /* ImagePlaceholder.png in Resources */,
				8FFFBA651AE3893200EECF89 /* icon.png in Resources */,
				8F6F89111AE0FF5000E5DE69 /* SideBarView.xib in Resources */,
				8F8A36481AE0A3D8000D896E /* Images.xcassets in Resources */,
				8F6F88D21AE0E76C00E5DE69 /* HelloPage_ThreeDot_Icon.png in Resources */,
			);
			runOnlyForDeploymentPostprocessing = 0;
		};
		8F8A364E1AE0A3D8000D896E /* Resources */ = {
			isa = PBXResourcesBuildPhase;
			buildActionMask = 2147483647;
			files = (
			);
			runOnlyForDeploymentPostprocessing = 0;
		};
/* End PBXResourcesBuildPhase section */

/* Begin PBXSourcesBuildPhase section */
		8F8A36301AE0A3D8000D896E /* Sources */ = {
			isa = PBXSourcesBuildPhase;
			buildActionMask = 2147483647;
			files = (
				8F57ED991AE330E2001896BA /* DetailVC.m in Sources */,
				8F8A36681AE0B11E000D896E /* Item.m in Sources */,
				8F8A36401AE0A3D8000D896E /* VNN.xcdatamodeld in Sources */,
				8F8A363D1AE0A3D8000D896E /* AppDelegate.m in Sources */,
				8F8A366C1AE0BBCA000D896E /* CellItem.m in Sources */,
				8F8A36431AE0A3D8000D896E /* ViewController.m in Sources */,
				8F8A36651AE0A450000D896E /* AccessNew.m in Sources */,
				8F8A363A1AE0A3D8000D896E /* main.m in Sources */,
				8F6F89101AE0FF5000E5DE69 /* SideBarView.m in Sources */,
			);
			runOnlyForDeploymentPostprocessing = 0;
		};
		8F8A364C1AE0A3D8000D896E /* Sources */ = {
			isa = PBXSourcesBuildPhase;
			buildActionMask = 2147483647;
			files = (
				8F8A36571AE0A3D8000D896E /* VNNTests.m in Sources */,
			);
			runOnlyForDeploymentPostprocessing = 0;
		};
/* End PBXSourcesBuildPhase section */

/* Begin PBXTargetDependency section */
		8F8A36521AE0A3D8000D896E /* PBXTargetDependency */ = {
			isa = PBXTargetDependency;
			target = 8F8A36331AE0A3D8000D896E /* VNN */;
			targetProxy = 8F8A36511AE0A3D8000D896E /* PBXContainerItemProxy */;
		};
/* End PBXTargetDependency section */

/* Begin PBXVariantGroup section */
		8F8A36491AE0A3D8000D896E /* LaunchScreen.xib */ = {
			isa = PBXVariantGroup;
			children = (
				8F8A364A1AE0A3D8000D896E /* Base */,
			);
			name = LaunchScreen.xib;
			sourceTree = "<group>";
		};
/* End PBXVariantGroup section */

/* Begin XCBuildConfiguration section */
		8F8A36581AE0A3D8000D896E /* Debug */ = {
			isa = XCBuildConfiguration;
			buildSettings = {
				ALWAYS_SEARCH_USER_PATHS = NO;
				CLANG_CXX_LANGUAGE_STANDARD = "gnu++0x";
				CLANG_CXX_LIBRARY = "libc++";
				CLANG_ENABLE_MODULES = YES;
				CLANG_ENABLE_OBJC_ARC = YES;
				CLANG_WARN_BOOL_CONVERSION = YES;
				CLANG_WARN_CONSTANT_CONVERSION = YES;
				CLANG_WARN_DIRECT_OBJC_ISA_USAGE = YES_ERROR;
				CLANG_WARN_EMPTY_BODY = YES;
				CLANG_WARN_ENUM_CONVERSION = YES;
				CLANG_WARN_INT_CONVERSION = YES;
				CLANG_WARN_OBJC_ROOT_CLASS = YES_ERROR;
				CLANG_WARN_UNREACHABLE_CODE = YES;
				CLANG_WARN__DUPLICATE_METHOD_MATCH = YES;
				"CODE_SIGN_IDENTITY[sdk=iphoneos*]" = "iPhone Developer";
				COPY_PHASE_STRIP = NO;
				DEBUG_INFORMATION_FORMAT = "dwarf-with-dsym";
				ENABLE_STRICT_OBJC_MSGSEND = YES;
				GCC_C_LANGUAGE_STANDARD = gnu99;
				GCC_DYNAMIC_NO_PIC = NO;
				GCC_NO_COMMON_BLOCKS = YES;
				GCC_OPTIMIZATION_LEVEL = 0;
				GCC_PREPROCESSOR_DEFINITIONS = (
					"DEBUG=1",
					"$(inherited)",
				);
				GCC_SYMBOLS_PRIVATE_EXTERN = NO;
				GCC_WARN_64_TO_32_BIT_CONVERSION = YES;
				GCC_WARN_ABOUT_RETURN_TYPE = YES_ERROR;
				GCC_WARN_UNDECLARED_SELECTOR = YES;
				GCC_WARN_UNINITIALIZED_AUTOS = YES_AGGRESSIVE;
				GCC_WARN_UNUSED_FUNCTION = YES;
				GCC_WARN_UNUSED_VARIABLE = YES;
				IPHONEOS_DEPLOYMENT_TARGET = 8.3;
				MTL_ENABLE_DEBUG_INFO = YES;
				ONLY_ACTIVE_ARCH = YES;
				SDKROOT = iphoneos;
				TARGETED_DEVICE_FAMILY = "1,2";
			};
			name = Debug;
		};
		8F8A36591AE0A3D8000D896E /* Release */ = {
			isa = XCBuildConfiguration;
			buildSettings = {
				ALWAYS_SEARCH_USER_PATHS = NO;
				CLANG_CXX_LANGUAGE_STANDARD = "gnu++0x";
				CLANG_CXX_LIBRARY = "libc++";
				CLANG_ENABLE_MODULES = YES;
				CLANG_ENABLE_OBJC_ARC = YES;
				CLANG_WARN_BOOL_CONVERSION = YES;
				CLANG_WARN_CONSTANT_CONVERSION = YES;
				CLANG_WARN_DIRECT_OBJC_ISA_USAGE = YES_ERROR;
				CLANG_WARN_EMPTY_BODY = YES;
				CLANG_WARN_ENUM_CONVERSION = YES;
				CLANG_WARN_INT_CONVERSION = YES;
				CLANG_WARN_OBJC_ROOT_CLASS = YES_ERROR;
				CLANG_WARN_UNREACHABLE_CODE = YES;
				CLANG_WARN__DUPLICATE_METHOD_MATCH = YES;
				"CODE_SIGN_IDENTITY[sdk=iphoneos*]" = "iPhone Developer";
				COPY_PHASE_STRIP = NO;
				DEBUG_INFORMATION_FORMAT = "dwarf-with-dsym";
				ENABLE_NS_ASSERTIONS = NO;
				ENABLE_STRICT_OBJC_MSGSEND = YES;
				GCC_C_LANGUAGE_STANDARD = gnu99;
				GCC_NO_COMMON_BLOCKS = YES;
				GCC_WARN_64_TO_32_BIT_CONVERSION = YES;
				GCC_WARN_ABOUT_RETURN_TYPE = YES_ERROR;
				GCC_WARN_UNDECLARED_SELECTOR = YES;
				GCC_WARN_UNINITIALIZED_AUTOS = YES_AGGRESSIVE;
				GCC_WARN_UNUSED_FUNCTION = YES;
				GCC_WARN_UNUSED_VARIABLE = YES;
				IPHONEOS_DEPLOYMENT_TARGET = 8.3;
				MTL_ENABLE_DEBUG_INFO = NO;
				SDKROOT = iphoneos;
				TARGETED_DEVICE_FAMILY = "1,2";
				VALIDATE_PRODUCT = YES;
			};
			name = Release;
		};
		8F8A365B1AE0A3D8000D896E /* Debug */ = {
			isa = XCBuildConfiguration;
			buildSettings = {
				ASSETCATALOG_COMPILER_APPICON_NAME = AppIcon;
				INFOPLIST_FILE = VNN/Info.plist;
				LD_RUNPATH_SEARCH_PATHS = "$(inherited) @executable_path/Frameworks";
				PRODUCT_NAME = "$(TARGET_NAME)";
			};
			name = Debug;
		};
		8F8A365C1AE0A3D8000D896E /* Release */ = {
			isa = XCBuildConfiguration;
			buildSettings = {
				ASSETCATALOG_COMPILER_APPICON_NAME = AppIcon;
				INFOPLIST_FILE = VNN/Info.plist;
				LD_RUNPATH_SEARCH_PATHS = "$(inherited) @executable_path/Frameworks";
				PRODUCT_NAME = "$(TARGET_NAME)";
			};
			name = Release;
		};
		8F8A365E1AE0A3D8000D896E /* Debug */ = {
			isa = XCBuildConfiguration;
			buildSettings = {
				BUNDLE_LOADER = "$(TEST_HOST)";
				FRAMEWORK_SEARCH_PATHS = (
					"$(SDKROOT)/Developer/Library/Frameworks",
					"$(inherited)",
				);
				GCC_PREPROCESSOR_DEFINITIONS = (
					"DEBUG=1",
					"$(inherited)",
				);
				INFOPLIST_FILE = VNNTests/Info.plist;
				LD_RUNPATH_SEARCH_PATHS = "$(inherited) @executable_path/Frameworks @loader_path/Frameworks";
				PRODUCT_NAME = "$(TARGET_NAME)";
				TEST_HOST = "$(BUILT_PRODUCTS_DIR)/VNN.app/VNN";
			};
			name = Debug;
		};
		8F8A365F1AE0A3D8000D896E /* Release */ = {
			isa = XCBuildConfiguration;
			buildSettings = {
				BUNDLE_LOADER = "$(TEST_HOST)";
				FRAMEWORK_SEARCH_PATHS = (
					"$(SDKROOT)/Developer/Library/Frameworks",
					"$(inherited)",
				);
				INFOPLIST_FILE = VNNTests/Info.plist;
				LD_RUNPATH_SEARCH_PATHS = "$(inherited) @executable_path/Frameworks @loader_path/Frameworks";
				PRODUCT_NAME = "$(TARGET_NAME)";
				TEST_HOST = "$(BUILT_PRODUCTS_DIR)/VNN.app/VNN";
			};
			name = Release;
		};
/* End XCBuildConfiguration section */

/* Begin XCConfigurationList section */
		8F8A362F1AE0A3D8000D896E /* Build configuration list for PBXProject "VNN" */ = {
			isa = XCConfigurationList;
			buildConfigurations = (
				8F8A36581AE0A3D8000D896E /* Debug */,
				8F8A36591AE0A3D8000D896E /* Release */,
			);
			defaultConfigurationIsVisible = 0;
			defaultConfigurationName = Release;
		};
		8F8A365A1AE0A3D8000D896E /* Build configuration list for PBXNativeTarget "VNN" */ = {
			isa = XCConfigurationList;
			buildConfigurations = (
				8F8A365B1AE0A3D8000D896E /* Debug */,
				8F8A365C1AE0A3D8000D896E /* Release */,
			);
			defaultConfigurationIsVisible = 0;
			defaultConfigurationName = Release;
		};
		8F8A365D1AE0A3D8000D896E /* Build configuration list for PBXNativeTarget "VNNTests" */ = {
			isa = XCConfigurationList;
			buildConfigurations = (
				8F8A365E1AE0A3D8000D896E /* Debug */,
				8F8A365F1AE0A3D8000D896E /* Release */,
			);
			defaultConfigurationIsVisible = 0;
			defaultConfigurationName = Release;
		};
/* End XCConfigurationList section */

/* Begin XCVersionGroup section */
		8F8A363E1AE0A3D8000D896E /* VNN.xcdatamodeld */ = {
			isa = XCVersionGroup;
			children = (
				8F8A363F1AE0A3D8000D896E /* VNN.xcdatamodel */,
			);
			currentVersion = 8F8A363F1AE0A3D8000D896E /* VNN.xcdatamodel */;
			path = VNN.xcdatamodeld;
			sourceTree = "<group>";
			versionGroupType = wrapper.xcdatamodel;
		};
/* End XCVersionGroup section */
	};
	rootObject = 8F8A362C1AE0A3D8000D896E /* Project object */;
}
